
Microsoft Visual Studio Solution File, Format Version 12.00
# Visual Studio 15
VisualStudioVersion = 15.0.27703.2047
MinimumVisualStudioVersion = 10.0.40219.1
Project("{888888A0-9F3D-457C-B088-3A5042F75D52}") = "PythonNewDemo", "PythonNewDemo\PythonNewDemo.pyproj", "{01FB8BF3-C8ED-4DB4-BEB8-C81D4810FE1D}"
EndProject
Global
	GlobalSection(SolutionConfigurationPlatforms) = preSolution
		Debug|Any CPU = Debug|Any CPU
		Release|Any CPU = Release|Any CPU
	EndGlobalSection
	GlobalSection(ProjectConfigurationPlatforms) = postSolution
		{01FB8BF3-C8ED-4DB4-BEB8-C81D4810FE1D}.Debug|Any CPU.ActiveCfg = Debug|Any CPU
		{01FB8BF3-C8ED-4DB4-BEB8-C81D4810FE1D}.Release|Any CPU.ActiveCfg = Release|Any CPU
	EndGlobalSection
	GlobalSection(SolutionProperties) = preSolution
		HideSolutionNode = FALSE
	EndGlobalSection
	GlobalSection(ExtensibilityGlobals) = postSolution
		SolutionGuid = {93958FB8-EA24-41E9-8428-502EEC6C0EDF}
	EndGlobalSection
EndGlobal
